
Microsoft Visual Studio Solution File, Format Version 12.00
# Visual Studio 15
VisualStudioVersion = 15.0.27004.2006
MinimumVisualStudioVersion = 10.0.40219.1
Project("{FAE04EC0-301F-11D3-BF4B-00C04F79EFBC}") = "Project-Part1", "Project-Part1\Project-Part1.csproj", "{A598208D-A03E-4A24-9653-068B12D4670E}"
EndProject
Global
	GlobalSection(SolutionConfigurationPlatforms) = preSolution
		Debug|Any CPU = Debug|Any CPU
		Release|Any CPU = Release|Any CPU
	EndGlobalSection
	GlobalSection(ProjectConfigurationPlatforms) = postSolution
		{A598208D-A03E-4A24-9653-068B12D4670E}.Debug|Any CPU.ActiveCfg = Debug|Any CPU
		{A598208D-A03E-4A24-9653-068B12D4670E}.Debug|Any CPU.Build.0 = Debug|Any CPU
		{A598208D-A03E-4A24-9653-068B12D4670E}.Release|Any CPU.ActiveCfg = Release|Any CPU
		{A598208D-A03E-4A24-9653-068B12D4670E}.Release|Any CPU.Build.0 = Release|Any CPU
	EndGlobalSection
	GlobalSection(SolutionProperties) = preSolution
		HideSolutionNode = FALSE
	EndGlobalSection
	GlobalSection(ExtensibilityGlobals) = postSolution
		SolutionGuid = {C372F275-6E7F-4838-AD4A-2ACF43C5EA42}
	EndGlobalSection
EndGlobal
